// !$*UTF8*$!
{
	archiveVersion = 1;
	classes = {
	};
	objectVersion = 50;
	objects = {

/* Begin PBXBuildFile section */
		CF314A592519B130004E4E3C /* GridLayout.swift in Sources */ = {isa = PBXBuildFile; fileRef = CF314A582519B130004E4E3C /* GridLayout.swift */; };
		CF4AA74C24B66593004404B1 /* AppDelegate.swift in Sources */ = {isa = PBXBuildFile; fileRef = CF4AA74B24B66593004404B1 /* AppDelegate.swift */; };
		CF4AA74E24B66593004404B1 /* SceneDelegate.swift in Sources */ = {isa = PBXBuildFile; fileRef = CF4AA74D24B66593004404B1 /* SceneDelegate.swift */; };
		CF4AA75024B66593004404B1 /* EmojiMemoryGameView.swift in Sources */ = {isa = PBXBuildFile; fileRef = CF4AA74F24B66593004404B1 /* EmojiMemoryGameView.swift */; };
		CF4AA75224B66598004404B1 /* Assets.xcassets in Resources */ = {isa = PBXBuildFile; fileRef = CF4AA75124B66598004404B1 /* Assets.xcassets */; };
		CF4AA75524B66598004404B1 /* Preview Assets.xcassets in Resources */ = {isa = PBXBuildFile; fileRef = CF4AA75424B66598004404B1 /* Preview Assets.xcassets */; };
		CF4AA75824B66598004404B1 /* LaunchScreen.storyboard in Resources */ = {isa = PBXBuildFile; fileRef = CF4AA75624B66598004404B1 /* LaunchScreen.storyboard */; };
		CF4AA76324B66598004404B1 /* MemorizeTests.swift in Sources */ = {isa = PBXBuildFile; fileRef = CF4AA76224B66598004404B1 /* MemorizeTests.swift */; };
		CF4AA76E24B66598004404B1 /* MemorizeUITests.swift in Sources */ = {isa = PBXBuildFile; fileRef = CF4AA76D24B66598004404B1 /* MemorizeUITests.swift */; };
		CF532C5F24B7D762007EAD13 /* MemoryGame.swift in Sources */ = {isa = PBXBuildFile; fileRef = CF532C5E24B7D762007EAD13 /* MemoryGame.swift */; };
		CF532C6124B7D96D007EAD13 /* EmojiMemoryGame.swift in Sources */ = {isa = PBXBuildFile; fileRef = CF532C6024B7D96D007EAD13 /* EmojiMemoryGame.swift */; };
		CF8D90F9251974490001F9E1 /* Grid.swift in Sources */ = {isa = PBXBuildFile; fileRef = CF8D90F8251974490001F9E1 /* Grid.swift */; };
/* End PBXBuildFile section */

/* Begin PBXContainerItemProxy section */
		CF4AA75F24B66598004404B1 /* PBXContainerItemProxy */ = {
			isa = PBXContainerItemProxy;
			containerPortal = CF4AA74024B66593004404B1 /* Project object */;
			proxyType = 1;
			remoteGlobalIDString = CF4AA74724B66593004404B1;
			remoteInfo = Memorize;
		};
		CF4AA76A24B66598004404B1 /* PBXContainerItemProxy */ = {
			isa = PBXContainerItemProxy;
			containerPortal = CF4AA74024B66593004404B1 /* Project object */;
			proxyType = 1;
			remoteGlobalIDString = CF4AA74724B66593004404B1;
			remoteInfo = Memorize;
		};
/* End PBXContainerItemProxy section */

/* Begin PBXFileReference section */
		CF314A582519B130004E4E3C /* GridLayout.swift */ = {isa = PBXFileReference; fileEncoding = 4; lastKnownFileType = sourcecode.swift; path = GridLayout.swift; sourceTree = "<group>"; };
		CF4AA74824B66593004404B1 /* Memorize.app */ = {isa = PBXFileReference; explicitFileType = wrapper.application; includeInIndex = 0; path = Memorize.app; sourceTree = BUILT_PRODUCTS_DIR; };
		CF4AA74B24B66593004404B1 /* AppDelegate.swift */ = {isa = PBXFileReference; lastKnownFileType = sourcecode.swift; path = AppDelegate.swift; sourceTree = "<group>"; };
		CF4AA74D24B66593004404B1 /* SceneDelegate.swift */ = {isa = PBXFileReference; lastKnownFileType = sourcecode.swift; path = SceneDelegate.swift; sourceTree = "<group>"; };
		CF4AA74F24B66593004404B1 /* EmojiMemoryGameView.swift */ = {isa = PBXFileReference; lastKnownFileType = sourcecode.swift; path = EmojiMemoryGameView.swift; sourceTree = "<group>"; };
		CF4AA75124B66598004404B1 /* Assets.xcassets */ = {isa = PBXFileReference; lastKnownFileType = folder.assetcatalog; path = Assets.xcassets; sourceTree = "<group>"; };
		CF4AA75424B66598004404B1 /* Preview Assets.xcassets */ = {isa = PBXFileReference; lastKnownFileType = folder.assetcatalog; path = "Preview Assets.xcassets"; sourceTree = "<group>"; };
		CF4AA75724B66598004404B1 /* Base */ = {isa = PBXFileReference; lastKnownFileType = file.storyboard; name = Base; path = Base.lproj/LaunchScreen.storyboard; sourceTree = "<group>"; };
		CF4AA75924B66598004404B1 /* Info.plist */ = {isa = PBXFileReference; lastKnownFileType = text.plist.xml; path = Info.plist; sourceTree = "<group>"; };
		CF4AA75E24B66598004404B1 /* MemorizeTests.xctest */ = {isa = PBXFileReference; explicitFileType = wrapper.cfbundle; includeInIndex = 0; path = MemorizeTests.xctest; sourceTree = BUILT_PRODUCTS_DIR; };
		CF4AA76224B66598004404B1 /* MemorizeTests.swift */ = {isa = PBXFileReference; lastKnownFileType = sourcecode.swift; path = MemorizeTests.swift; sourceTree = "<group>"; };
		CF4AA76424B66598004404B1 /* Info.plist */ = {isa = PBXFileReference; lastKnownFileType = text.plist.xml; path = Info.plist; sourceTree = "<group>"; };
		CF4AA76924B66598004404B1 /* MemorizeUITests.xctest */ = {isa = PBXFileReference; explicitFileType = wrapper.cfbundle; includeInIndex = 0; path = MemorizeUITests.xctest; sourceTree = BUILT_PRODUCTS_DIR; };
		CF4AA76D24B66598004404B1 /* MemorizeUITests.swift */ = {isa = PBXFileReference; lastKnownFileType = sourcecode.swift; path = MemorizeUITests.swift; sourceTree = "<group>"; };
		CF4AA76F24B66598004404B1 /* Info.plist */ = {isa = PBXFileReference; lastKnownFileType = text.plist.xml; path = Info.plist; sourceTree = "<group>"; };
		CF532C5E24B7D762007EAD13 /* MemoryGame.swift */ = {isa = PBXFileReference; lastKnownFileType = sourcecode.swift; path = MemoryGame.swift; sourceTree = "<group>"; };
		CF532C6024B7D96D007EAD13 /* EmojiMemoryGame.swift */ = {isa = PBXFileReference; lastKnownFileType = sourcecode.swift; path = EmojiMemoryGame.swift; sourceTree = "<group>"; };
		CF8D90F8251974490001F9E1 /* Grid.swift */ = {isa = PBXFileReference; lastKnownFileType = sourcecode.swift; path = Grid.swift; sourceTree = "<group>"; };
/* End PBXFileReference section */

/* Begin PBXFrameworksBuildPhase section */
		CF4AA74524B66593004404B1 /* Frameworks */ = {
			isa = PBXFrameworksBuildPhase;
			buildActionMask = 2147483647;
			files = (
			);
			runOnlyForDeploymentPostprocessing = 0;
		};
		CF4AA75B24B66598004404B1 /* Frameworks */ = {
			isa = PBXFrameworksBuildPhase;
			buildActionMask = 2147483647;
			files = (
			);
			runOnlyForDeploymentPostprocessing = 0;
		};
		CF4AA76624B66598004404B1 /* Frameworks */ = {
			isa = PBXFrameworksBuildPhase;
			buildActionMask = 2147483647;
			files = (
			);
			runOnlyForDeploymentPostprocessing = 0;
		};
/* End PBXFrameworksBuildPhase section */

/* Begin PBXGroup section */
		CF4AA73F24B66593004404B1 = {
			isa = PBXGroup;
			children = (
				CF4AA74A24B66593004404B1 /* Memorize */,
				CF4AA76124B66598004404B1 /* MemorizeTests */,
				CF4AA76C24B66598004404B1 /* MemorizeUITests */,
				CF4AA74924B66593004404B1 /* Products */,
			);
			sourceTree = "<group>";
		};
		CF4AA74924B66593004404B1 /* Products */ = {
			isa = PBXGroup;
			children = (
				CF4AA74824B66593004404B1 /* Memorize.app */,
				CF4AA75E24B66598004404B1 /* MemorizeTests.xctest */,
				CF4AA76924B66598004404B1 /* MemorizeUITests.xctest */,
			);
			name = Products;
			sourceTree = "<group>";
		};
		CF4AA74A24B66593004404B1 /* Memorize */ = {
			isa = PBXGroup;
			children = (
				CF8D90F8251974490001F9E1 /* Grid.swift */,
				CF532C6024B7D96D007EAD13 /* EmojiMemoryGame.swift */,
				CF532C5E24B7D762007EAD13 /* MemoryGame.swift */,
				CF4AA74F24B66593004404B1 /* EmojiMemoryGameView.swift */,
				CF4AA74B24B66593004404B1 /* AppDelegate.swift */,
				CF4AA74D24B66593004404B1 /* SceneDelegate.swift */,
				CF314A582519B130004E4E3C /* GridLayout.swift */,
				CF4AA75124B66598004404B1 /* Assets.xcassets */,
				CF4AA75624B66598004404B1 /* LaunchScreen.storyboard */,
				CF4AA75924B66598004404B1 /* Info.plist */,
				CF4AA75324B66598004404B1 /* Preview Content */,
			);
			path = Memorize;
			sourceTree = "<group>";
		};
		CF4AA75324B66598004404B1 /* Preview Content */ = {
			isa = PBXGroup;
			children = (
				CF4AA75424B66598004404B1 /* Preview Assets.xcassets */,
			);
			path = "Preview Content";
			sourceTree = "<group>";
		};
		CF4AA76124B66598004404B1 /* MemorizeTests */ = {
			isa = PBXGroup;
			children = (
				CF4AA76224B66598004404B1 /* MemorizeTests.swift */,
				CF4AA76424B66598004404B1 /* Info.plist */,
			);
			path = MemorizeTests;
			sourceTree = "<group>";
		};
		CF4AA76C24B66598004404B1 /* MemorizeUITests */ = {
			isa = PBXGroup;
			children = (
				CF4AA76D24B66598004404B1 /* MemorizeUITests.swift */,
				CF4AA76F24B66598004404B1 /* Info.plist */,
			);
			path = MemorizeUITests;
			sourceTree = "<group>";
		};
/* End PBXGroup section */

/* Begin PBXNativeTarget section */
		CF4AA74724B66593004404B1 /* Memorize */ = {
			isa = PBXNativeTarget;
			buildConfigurationList = CF4AA77224B66598004404B1 /* Build configuration list for PBXNativeTarget "Memorize" */;
			buildPhases = (
				CF4AA74424B66593004404B1 /* Sources */,
				CF4AA74524B66593004404B1 /* Frameworks */,
				CF4AA74624B66593004404B1 /* Resources */,
			);
			buildRules = (
			);
			dependencies = (
			);
			name = Memorize;
			productName = Memorize;
			productReference = CF4AA74824B66593004404B1 /* Memorize.app */;
			productType = "com.apple.product-type.application";
		};
		CF4AA75D24B66598004404B1 /* MemorizeTests */ = {
			isa = PBXNativeTarget;
			buildConfigurationList = CF4AA77524B66598004404B1 /* Build configuration list for PBXNativeTarget "MemorizeTests" */;
			buildPhases = (
				CF4AA75A24B66598004404B1 /* Sources */,
				CF4AA75B24B66598004404B1 /* Frameworks */,
				CF4AA75C24B66598004404B1 /* Resources */,
			);
			buildRules = (
			);
			dependencies = (
				CF4AA76024B66598004404B1 /* PBXTargetDependency */,
			);
			name = MemorizeTests;
			productName = MemorizeTests;
			productReference = CF4AA75E24B66598004404B1 /* MemorizeTests.xctest */;
			productType = "com.apple.product-type.bundle.unit-test";
		};
		CF4AA76824B66598004404B1 /* MemorizeUITests */ = {
			isa = PBXNativeTarget;
			buildConfigurationList = CF4AA77824B66598004404B1 /* Build configuration list for PBXNativeTarget "MemorizeUITests" */;
			buildPhases = (
				CF4AA76524B66598004404B1 /* Sources */,
				CF4AA76624B66598004404B1 /* Frameworks */,
				CF4AA76724B66598004404B1 /* Resources */,
			);
			buildRules = (
			);
			dependencies = (
				CF4AA76B24B66598004404B1 /* PBXTargetDependency */,
			);
			name = MemorizeUITests;
			productName = MemorizeUITests;
			productReference = CF4AA76924B66598004404B1 /* MemorizeUITests.xctest */;
			productType = "com.apple.product-type.bundle.ui-testing";
		};
/* End PBXNativeTarget section */

/* Begin PBXProject section */
		CF4AA74024B66593004404B1 /* Project object */ = {
			isa = PBXProject;
			attributes = {
				LastSwiftUpdateCheck = 1150;
				LastUpgradeCheck = 1150;
				ORGANIZATIONNAME = "Sidhant Kaushik";
				TargetAttributes = {
					CF4AA74724B66593004404B1 = {
						CreatedOnToolsVersion = 11.5;
					};
					CF4AA75D24B66598004404B1 = {
						CreatedOnToolsVersion = 11.5;
						TestTargetID = CF4AA74724B66593004404B1;
					};
					CF4AA76824B66598004404B1 = {
						CreatedOnToolsVersion = 11.5;
						TestTargetID = CF4AA74724B66593004404B1;
					};
				};
			};
			buildConfigurationList = CF4AA74324B66593004404B1 /* Build configuration list for PBXProject "Memorize" */;
			compatibilityVersion = "Xcode 9.3";
			developmentRegion = en;
			hasScannedForEncodings = 0;
			knownRegions = (
				en,
				Base,
			);
			mainGroup = CF4AA73F24B66593004404B1;
			productRefGroup = CF4AA74924B66593004404B1 /* Products */;
			projectDirPath = "";
			projectRoot = "";
			targets = (
				CF4AA74724B66593004404B1 /* Memorize */,
				CF4AA75D24B66598004404B1 /* MemorizeTests */,
				CF4AA76824B66598004404B1 /* MemorizeUITests */,
			);
		};
/* End PBXProject section */

/* Begin PBXResourcesBuildPhase section */
		CF4AA74624B66593004404B1 /* Resources */ = {
			isa = PBXResourcesBuildPhase;
			buildActionMask = 2147483647;
			files = (
				CF4AA75824B66598004404B1 /* LaunchScreen.storyboard in Resources */,
				CF4AA75524B66598004404B1 /* Preview Assets.xcassets in Resources */,
				CF4AA75224B66598004404B1 /* Assets.xcassets in Resources */,
			);
			runOnlyForDeploymentPostprocessing = 0;
		};
		CF4AA75C24B66598004404B1 /* Resources */ = {
			isa = PBXResourcesBuildPhase;
			buildActionMask = 2147483647;
			files = (
			);
			runOnlyForDeploymentPostprocessing = 0;
		};
		CF4AA76724B66598004404B1 /* Resources */ = {
			isa = PBXResourcesBuildPhase;
			buildActionMask = 2147483647;
			files = (
			);
			runOnlyForDeploymentPostprocessing = 0;
		};
/* End PBXResourcesBuildPhase section */

/* Begin PBXSourcesBuildPhase section */
		CF4AA74424B66593004404B1 /* Sources */ = {
			isa = PBXSourcesBuildPhase;
			buildActionMask = 2147483647;
			files = (
				CF4AA74C24B66593004404B1 /* AppDelegate.swift in Sources */,
				CF4AA74E24B66593004404B1 /* SceneDelegate.swift in Sources */,
				CF532C5F24B7D762007EAD13 /* MemoryGame.swift in Sources */,
				CF4AA75024B66593004404B1 /* EmojiMemoryGameView.swift in Sources */,
				CF532C6124B7D96D007EAD13 /* EmojiMemoryGame.swift in Sources */,
				CF8D90F9251974490001F9E1 /* Grid.swift in Sources */,
				CF314A592519B130004E4E3C /* GridLayout.swift in Sources */,
			);
			runOnlyForDeploymentPostprocessing = 0;
		};
		CF4AA75A24B66598004404B1 /* Sources */ = {
			isa = PBXSourcesBuildPhase;
			buildActionMask = 2147483647;
			files = (
				CF4AA76324B66598004404B1 /* MemorizeTests.swift in Sources */,
			);
			runOnlyForDeploymentPostprocessing = 0;
		};
		CF4AA76524B66598004404B1 /* Sources */ = {
			isa = PBXSourcesBuildPhase;
			buildActionMask = 2147483647;
			files = (
				CF4AA76E24B66598004404B1 /* MemorizeUITests.swift in Sources */,
			);
			runOnlyForDeploymentPostprocessing = 0;
		};
/* End PBXSourcesBuildPhase section */

/* Begin PBXTargetDependency section */
		CF4AA76024B66598004404B1 /* PBXTargetDependency */ = {
			isa = PBXTargetDependency;
			target = CF4AA74724B66593004404B1 /* Memorize */;
			targetProxy = CF4AA75F24B66598004404B1 /* PBXContainerItemProxy */;
		};
		CF4AA76B24B66598004404B1 /* PBXTargetDependency */ = {
			isa = PBXTargetDependency;
			target = CF4AA74724B66593004404B1 /* Memorize */;
			targetProxy = CF4AA76A24B66598004404B1 /* PBXContainerItemProxy */;
		};
/* End PBXTargetDependency section */

/* Begin PBXVariantGroup section */
		CF4AA75624B66598004404B1 /* LaunchScreen.storyboard */ = {
			isa = PBXVariantGroup;
			children = (
				CF4AA75724B66598004404B1 /* Base */,
			);
			name = LaunchScreen.storyboard;
			sourceTree = "<group>";
		};
/* End PBXVariantGroup section */

/* Begin XCBuildConfiguration section */
		CF4AA77024B66598004404B1 /* Debug */ = {
			isa = XCBuildConfiguration;
			buildSettings = {
				ALWAYS_SEARCH_USER_PATHS = NO;
				CLANG_ANALYZER_NONNULL = YES;
				CLANG_ANALYZER_NUMBER_OBJECT_CONVERSION = YES_AGGRESSIVE;
				CLANG_CXX_LANGUAGE_STANDARD = "gnu++14";
				CLANG_CXX_LIBRARY = "libc++";
				CLANG_ENABLE_MODULES = YES;
				CLANG_ENABLE_OBJC_ARC = YES;
				CLANG_ENABLE_OBJC_WEAK = YES;
				CLANG_WARN_BLOCK_CAPTURE_AUTORELEASING = YES;
				CLANG_WARN_BOOL_CONVERSION = YES;
				CLANG_WARN_COMMA = YES;
				CLANG_WARN_CONSTANT_CONVERSION = YES;
				CLANG_WARN_DEPRECATED_OBJC_IMPLEMENTATIONS = YES;
				CLANG_WARN_DIRECT_OBJC_ISA_USAGE = YES_ERROR;
				CLANG_WARN_DOCUMENTATION_COMMENTS = YES;
				CLANG_WARN_EMPTY_BODY = YES;
				CLANG_WARN_ENUM_CONVERSION = YES;
				CLANG_WARN_INFINITE_RECURSION = YES;
				CLANG_WARN_INT_CONVERSION = YES;
				CLANG_WARN_NON_LITERAL_NULL_CONVERSION = YES;
				CLANG_WARN_OBJC_IMPLICIT_RETAIN_SELF = YES;
				CLANG_WARN_OBJC_LITERAL_CONVERSION = YES;
				CLANG_WARN_OBJC_ROOT_CLASS = YES_ERROR;
				CLANG_WARN_RANGE_LOOP_ANALYSIS = YES;
				CLANG_WARN_STRICT_PROTOTYPES = YES;
				CLANG_WARN_SUSPICIOUS_MOVE = YES;
				CLANG_WARN_UNGUARDED_AVAILABILITY = YES_AGGRESSIVE;
				CLANG_WARN_UNREACHABLE_CODE = YES;
				CLANG_WARN__DUPLICATE_METHOD_MATCH = YES;
				COPY_PHASE_STRIP = NO;
				DEBUG_INFORMATION_FORMAT = dwarf;
				ENABLE_STRICT_OBJC_MSGSEND = YES;
				ENABLE_TESTABILITY = YES;
				GCC_C_LANGUAGE_STANDARD = gnu11;
				GCC_DYNAMIC_NO_PIC = NO;
				GCC_NO_COMMON_BLOCKS = YES;
				GCC_OPTIMIZATION_LEVEL = 0;
				GCC_PREPROCESSOR_DEFINITIONS = (
					"DEBUG=1",
					"$(inherited)",
				);
				GCC_WARN_64_TO_32_BIT_CONVERSION = YES;
				GCC_WARN_ABOUT_RETURN_TYPE = YES_ERROR;
				GCC_WARN_UNDECLARED_SELECTOR = YES;
				GCC_WARN_UNINITIALIZED_AUTOS = YES_AGGRESSIVE;
				GCC_WARN_UNUSED_FUNCTION = YES;
				GCC_WARN_UNUSED_VARIABLE = YES;
				IPHONEOS_DEPLOYMENT_TARGET = 13.5;
				MTL_ENABLE_DEBUG_INFO = INCLUDE_SOURCE;
				MTL_FAST_MATH = YES;
				ONLY_ACTIVE_ARCH = YES;
				SDKROOT = iphoneos;
				SWIFT_ACTIVE_COMPILATION_CONDITIONS = DEBUG;
				SWIFT_OPTIMIZATION_LEVEL = "-Onone";
			};
			name = Debug;
		};
		CF4AA77124B66598004404B1 /* Release */ = {
			isa = XCBuildConfiguration;
			buildSettings = {
				ALWAYS_SEARCH_USER_PATHS = NO;
				CLANG_ANALYZER_NONNULL = YES;
				CLANG_ANALYZER_NUMBER_OBJECT_CONVERSION = YES_AGGRESSIVE;
				CLANG_CXX_LANGUAGE_STANDARD = "gnu++14";
				CLANG_CXX_LIBRARY = "libc++";
				CLANG_ENABLE_MODULES = YES;
				CLANG_ENABLE_OBJC_ARC = YES;
				CLANG_ENABLE_OBJC_WEAK = YES;
				CLANG_WARN_BLOCK_CAPTURE_AUTORELEASING = YES;
				CLANG_WARN_BOOL_CONVERSION = YES;
				CLANG_WARN_COMMA = YES;
				CLANG_WARN_CONSTANT_CONVERSION = YES;
				CLANG_WARN_DEPRECATED_OBJC_IMPLEMENTATIONS = YES;
				CLANG_WARN_DIRECT_OBJC_ISA_USAGE = YES_ERROR;
				CLANG_WARN_DOCUMENTATION_COMMENTS = YES;
				CLANG_WARN_EMPTY_BODY = YES;
				CLANG_WARN_ENUM_CONVERSION = YES;
				CLANG_WARN_INFINITE_RECURSION = YES;
				CLANG_WARN_INT_CONVERSION = YES;
				CLANG_WARN_NON_LITERAL_NULL_CONVERSION = YES;
				CLANG_WARN_OBJC_IMPLICIT_RETAIN_SELF = YES;
				CLANG_WARN_OBJC_LITERAL_CONVERSION = YES;
				CLANG_WARN_OBJC_ROOT_CLASS = YES_ERROR;
				CLANG_WARN_RANGE_LOOP_ANALYSIS = YES;
				CLANG_WARN_STRICT_PROTOTYPES = YES;
				CLANG_WARN_SUSPICIOUS_MOVE = YES;
				CLANG_WARN_UNGUARDED_AVAILABILITY = YES_AGGRESSIVE;
				CLANG_WARN_UNREACHABLE_CODE = YES;
				CLANG_WARN__DUPLICATE_METHOD_MATCH = YES;
				COPY_PHASE_STRIP = NO;
				DEBUG_INFORMATION_FORMAT = "dwarf-with-dsym";
				ENABLE_NS_ASSERTIONS = NO;
				ENABLE_STRICT_OBJC_MSGSEND = YES;
				GCC_C_LANGUAGE_STANDARD = gnu11;
				GCC_NO_COMMON_BLOCKS = YES;
				GCC_WARN_64_TO_32_BIT_CONVERSION = YES;
				GCC_WARN_ABOUT_RETURN_TYPE = YES_ERROR;
				GCC_WARN_UNDECLARED_SELECTOR = YES;
				GCC_WARN_UNINITIALIZED_AUTOS = YES_AGGRESSIVE;
				GCC_WARN_UNUSED_FUNCTION = YES;
				GCC_WARN_UNUSED_VARIABLE = YES;
				IPHONEOS_DEPLOYMENT_TARGET = 13.5;
				MTL_ENABLE_DEBUG_INFO = NO;
				MTL_FAST_MATH = YES;
				SDKROOT = iphoneos;
				SWIFT_COMPILATION_MODE = wholemodule;
				SWIFT_OPTIMIZATION_LEVEL = "-O";
				VALIDATE_PRODUCT = YES;
			};
			name = Release;
		};
		CF4AA77324B66598004404B1 /* Debug */ = {
			isa = XCBuildConfiguration;
			buildSettings = {
				ASSETCATALOG_COMPILER_APPICON_NAME = AppIcon;
				CODE_SIGN_STYLE = Automatic;
				DEVELOPMENT_ASSET_PATHS = "\"Memorize/Preview Content\"";
				DEVELOPMENT_TEAM = K6AS5L7ZUE;
				ENABLE_PREVIEWS = YES;
				INFOPLIST_FILE = Memorize/Info.plist;
				LD_RUNPATH_SEARCH_PATHS = (
					"$(inherited)",
					"@executable_path/Frameworks",
				);
				PRODUCT_BUNDLE_IDENTIFIER = "com.sidhantk-icloud.com.Memorize";
				PRODUCT_NAME = "$(TARGET_NAME)";
				SWIFT_VERSION = 5.0;
				TARGETED_DEVICE_FAMILY = "1,2";
			};
			name = Debug;
		};
		CF4AA77424B66598004404B1 /* Release */ = {
			isa = XCBuildConfiguration;
			buildSettings = {
				ASSETCATALOG_COMPILER_APPICON_NAME = AppIcon;
				CODE_SIGN_STYLE = Automatic;
				DEVELOPMENT_ASSET_PATHS = "\"Memorize/Preview Content\"";
				DEVELOPMENT_TEAM = K6AS5L7ZUE;
				ENABLE_PREVIEWS = YES;
				INFOPLIST_FILE = Memorize/Info.plist;
				LD_RUNPATH_SEARCH_PATHS = (
					"$(inherited)",
					"@executable_path/Frameworks",
				);
				PRODUCT_BUNDLE_IDENTIFIER = "com.sidhantk-icloud.com.Memorize";
				PRODUCT_NAME = "$(TARGET_NAME)";
				SWIFT_VERSION = 5.0;
				TARGETED_DEVICE_FAMILY = "1,2";
			};
			name = Release;
		};
		CF4AA77624B66598004404B1 /* Debug */ = {
			isa = XCBuildConfiguration;
			buildSettings = {
				ALWAYS_EMBED_SWIFT_STANDARD_LIBRARIES = YES;
				BUNDLE_LOADER = "$(TEST_HOST)";
				CODE_SIGN_STYLE = Automatic;
				DEVELOPMENT_TEAM = K6AS5L7ZUE;
				INFOPLIST_FILE = MemorizeTests/Info.plist;
				IPHONEOS_DEPLOYMENT_TARGET = 13.5;
				LD_RUNPATH_SEARCH_PATHS = (
					"$(inherited)",
					"@executable_path/Frameworks",
					"@loader_path/Frameworks",
				);
				PRODUCT_BUNDLE_IDENTIFIER = "com.sidhantk-icloud.com.MemorizeTests";
				PRODUCT_NAME = "$(TARGET_NAME)";
				SWIFT_VERSION = 5.0;
				TARGETED_DEVICE_FAMILY = "1,2";
				TEST_HOST = "$(BUILT_PRODUCTS_DIR)/Memorize.app/Memorize";
			};
			name = Debug;
		};
		CF4AA77724B66598004404B1 /* Release */ = {
			isa = XCBuildConfiguration;
			buildSettings = {
				ALWAYS_EMBED_SWIFT_STANDARD_LIBRARIES = YES;
				BUNDLE_LOADER = "$(TEST_HOST)";
				CODE_SIGN_STYLE = Automatic;
				DEVELOPMENT_TEAM = K6AS5L7ZUE;
				INFOPLIST_FILE = MemorizeTests/Info.plist;
				IPHONEOS_DEPLOYMENT_TARGET = 13.5;
				LD_RUNPATH_SEARCH_PATHS = (
					"$(inherited)",
					"@executable_path/Frameworks",
					"@loader_path/Frameworks",
				);
				PRODUCT_BUNDLE_IDENTIFIER = "com.sidhantk-icloud.com.MemorizeTests";
				PRODUCT_NAME = "$(TARGET_NAME)";
				SWIFT_VERSION = 5.0;
				TARGETED_DEVICE_FAMILY = "1,2";
				TEST_HOST = "$(BUILT_PRODUCTS_DIR)/Memorize.app/Memorize";
			};
			name = Release;
		};
		CF4AA77924B66598004404B1 /* Debug */ = {
			isa = XCBuildConfiguration;
			buildSettings = {
				ALWAYS_EMBED_SWIFT_STANDARD_LIBRARIES = YES;
				CODE_SIGN_STYLE = Automatic;
				DEVELOPMENT_TEAM = K6AS5L7ZUE;
				INFOPLIST_FILE = MemorizeUITests/Info.plist;
				LD_RUNPATH_SEARCH_PATHS = (
					"$(inherited)",
					"@executable_path/Frameworks",
					"@loader_path/Frameworks",
				);
				PRODUCT_BUNDLE_IDENTIFIER = "com.sidhantk-icloud.com.MemorizeUITests";
				PRODUCT_NAME = "$(TARGET_NAME)";
				SWIFT_VERSION = 5.0;
				TARGETED_DEVICE_FAMILY = "1,2";
				TEST_TARGET_NAME = Memorize;
			};
			name = Debug;
		};
		CF4AA77A24B66598004404B1 /* Release */ = {
			isa = XCBuildConfiguration;
			buildSettings = {
				ALWAYS_EMBED_SWIFT_STANDARD_LIBRARIES = YES;
				CODE_SIGN_STYLE = Automatic;
				DEVELOPMENT_TEAM = K6AS5L7ZUE;
				INFOPLIST_FILE = MemorizeUITests/Info.plist;
				LD_RUNPATH_SEARCH_PATHS = (
					"$(inherited)",
					"@executable_path/Frameworks",
					"@loader_path/Frameworks",
				);
				PRODUCT_BUNDLE_IDENTIFIER = "com.sidhantk-icloud.com.MemorizeUITests";
				PRODUCT_NAME = "$(TARGET_NAME)";
				SWIFT_VERSION = 5.0;
				TARGETED_DEVICE_FAMILY = "1,2";
				TEST_TARGET_NAME = Memorize;
			};
			name = Release;
		};
/* End XCBuildConfiguration section */

/* Begin XCConfigurationList section */
		CF4AA74324B66593004404B1 /* Build configuration list for PBXProject "Memorize" */ = {
			isa = XCConfigurationList;
			buildConfigurations = (
				CF4AA77024B66598004404B1 /* Debug */,
				CF4AA77124B66598004404B1 /* Release */,
			);
			defaultConfigurationIsVisible = 0;
			defaultConfigurationName = Release;
		};
		CF4AA77224B66598004404B1 /* Build configuration list for PBXNativeTarget "Memorize" */ = {
			isa = XCConfigurationList;
			buildConfigurations = (
				CF4AA77324B66598004404B1 /* Debug */,
				CF4AA77424B66598004404B1 /* Release */,
			);
			defaultConfigurationIsVisible = 0;
			defaultConfigurationName = Release;
		};
		CF4AA77524B66598004404B1 /* Build configuration list for PBXNativeTarget "MemorizeTests" */ = {
			isa = XCConfigurationList;
			buildConfigurations = (
				CF4AA77624B66598004404B1 /* Debug */,
				CF4AA77724B66598004404B1 /* Release */,
			);
			defaultConfigurationIsVisible = 0;
			defaultConfigurationName = Release;
		};
		CF4AA77824B66598004404B1 /* Build configuration list for PBXNativeTarget "MemorizeUITests" */ = {
			isa = XCConfigurationList;
			buildConfigurations = (
				CF4AA77924B66598004404B1 /* Debug */,
				CF4AA77A24B66598004404B1 /* Release */,
			);
			defaultConfigurationIsVisible = 0;
			defaultConfigurationName = Release;
		};
/* End XCConfigurationList section */
	};
	rootObject = CF4AA74024B66593004404B1 /* Project object */;
}
